{
    "_meta": {
        "hash": {
            "sha256": "2c72b8c46d166075339fc016b2f7868c42522bf5438f68ae9329bd33282125c9"
        },
        "pipfile-spec": 6,
        "requires": {
            "python_version": "3.10"
        },
        "sources": [
            {
                "name": "pypi",
                "url": "https://pypi.org/simple",
                "verify_ssl": true
            }
        ]
    },
    "default": {
        "certifi": {
            "hashes": [
                "sha256:84c85a9078b11105f04f3036a9482ae10e4621616db313fe045dd24743a0820d",
                "sha256:fe86415d55e84719d75f8b69414f6438ac3547d2078ab91b67e779ef69378412"
            ],
            "markers": "python_version >= '3.6'",
            "version": "==2022.6.15"
        },
        "charset-normalizer": {
            "hashes": [
                "sha256:5189b6f22b01957427f35b6a08d9a0bc45b46d3788ef5a92e978433c7a35f8a5",
                "sha256:575e708016ff3a5e3681541cb9d79312c416835686d054a23accb873b254f413"
            ],
            "markers": "python_version >= '3.6'",
            "version": "==2.1.0"
        },
        "cycler": {
            "hashes": [
                "sha256:3a27e95f763a428a739d2add979fa7494c912a32c17c4c38c4d5f082cad165a3",
                "sha256:9c87405839a19696e837b3b818fed3f5f69f16f1eec1a1ad77e043dcea9c772f"
            ],
            "markers": "python_version >= '3.6'",
            "version": "==0.11.0"
        },
        "fonttools": {
            "hashes": [
                "sha256:9a1c52488045cd6c6491fd07711a380f932466e317cb8e016fc4e99dc7eac2f0",
                "sha256:d73f25b283cd8033367451122aa868a23de0734757a01984e4b30b18b9050c72"
            ],
            "markers": "python_version >= '3.7'",
            "version": "==4.34.4"
        },
        "idna": {
            "hashes": [
                "sha256:84d9dd047ffa80596e0f246e2eab0b391788b0503584e8945f2368256d2735ff",
                "sha256:9d643ff0a55b762d5cdb124b8eaa99c66322e2157b69160bc32796e824360e6d"
            ],
            "markers": "python_version >= '3.5'",
            "version": "==3.3"
        },
        "joblib": {
            "hashes": [
                "sha256:4158fcecd13733f8be669be0683b96ebdbbd38d23559f54dca7205aea1bf1e35",
                "sha256:f21f109b3c7ff9d95f8387f752d0d9c34a02aa2f7060c2135f465da0e5160ff6"
            ],
            "markers": "python_version >= '3.6'",
            "version": "==1.1.0"
        },
        "kiwisolver": {
            "hashes": [
                "sha256:007799c7fa934646318fc128b033bb6e6baabe7fbad521bfb2279aac26225cd7",
                "sha256:130c6c35eded399d3967cf8a542c20b671f5ba85bd6f210f8b939f868360e9eb",
                "sha256:1858ad3cb686eccc7c6b7c5eac846a1cfd45aacb5811b2cf575e80b208f5622a",
                "sha256:1ae7aa0784aeadfbd693c27993727792fbe1455b84d49970bad5886b42976b18",
                "sha256:1d2c744aeedce22c122bb42d176b4aa6d063202a05a4abdacb3e413c214b3694",
                "sha256:21a3a98f0a21fc602663ca9bce2b12a4114891bdeba2dea1e9ad84db59892fca",
                "sha256:22ccba48abae827a0f952a78a7b1a7ff01866131e5bbe1f826ce9bda406bf051",
                "sha256:26b5a70bdab09e6a2f40babc4f8f992e3771751e144bda1938084c70d3001c09",
                "sha256:2d76780d9c65c7529cedd49fa4802d713e60798d8dc3b0d5b12a0a8f38cca51c",
                "sha256:325fa1b15098e44fe4590a6c5c09a212ca10c6ebb5d96f7447d675f6c8340e4e",
                "sha256:3a297d77b3d6979693f5948df02b89431ae3645ec95865e351fb45578031bdae",
                "sha256:3b1dcbc49923ac3c973184a82832e1f018dec643b1e054867d04a3a22255ec6a",
                "sha256:40240da438c0ebfe2aa76dd04b844effac6679423df61adbe3437d32f23468d9",
                "sha256:46c6e5018ba31d5ee7582f323d8661498a154dea1117486a571db4c244531f24",
                "sha256:46fb56fde006b7ef5f8eaa3698299b0ea47444238b869ff3ced1426aa9fedcb5",
                "sha256:4dc350cb65fe4e3f737d50f0465fa6ea0dcae0e5722b7edf5d5b0a0e3cd2c3c7",
                "sha256:51078855a16b7a4984ed2067b54e35803d18bca9861cb60c60f6234b50869a56",
                "sha256:547111ef7cf13d73546c2de97ce434935626c897bdec96a578ca100b5fcd694b",
                "sha256:5fb73cc8a34baba1dfa546ae83b9c248ef6150c238b06fc53d2773685b67ec67",
                "sha256:654280c5f41831ddcc5a331c0e3ce2e480bbc3d7c93c18ecf6236313aae2d61a",
                "sha256:6b3136eecf7e1b4a4d23e4b19d6c4e7a8e0b42d55f30444e3c529700cdacaa0d",
                "sha256:7118ca592d25b2957ff7b662bc0fe4f4c2b5d5b27814b9b1bc9f2fb249a970e7",
                "sha256:71af5b43e4fa286a35110fc5bb740fdeae2b36ca79fbcf0a54237485baeee8be",
                "sha256:747190fcdadc377263223f8f72b038381b3b549a8a3df5baf4d067da4749b046",
                "sha256:8395064d63b26947fa2c9faeea9c3eee35e52148c5339c37987e1d96fbf009b3",
                "sha256:84f85adfebd7d3c3db649efdf73659e1677a2cf3fa6e2556a3f373578af14bf7",
                "sha256:86bcf0009f2012847a688f2f4f9b16203ca4c835979a02549aa0595d9f457cc8",
                "sha256:ab8a15c2750ae8d53e31f77a94f846d0a00772240f1c12817411fa2344351f86",
                "sha256:af24b21c2283ca69c416a8a42cde9764dc36c63d3389645d28c69b0e93db3cd7",
                "sha256:afe173ac2646c2636305ab820cc0380b22a00a7bca4290452e7166b4f4fa49d0",
                "sha256:b9eb88593159a53a5ee0b0159daee531ff7dd9c87fa78f5d807ca059c7eb1b2b",
                "sha256:c16635f8dddbeb1b827977d0b00d07b644b040aeb9ff8607a9fc0997afa3e567",
                "sha256:ca3eefb02ef17257fae8b8555c85e7c1efdfd777f671384b0e4ef27409b02720",
                "sha256:caa59e2cae0e23b1e225447d7a9ddb0f982f42a6a22d497a484dfe62a06f7c0e",
                "sha256:cb55258931448d61e2d50187de4ee66fc9d9f34908b524949b8b2b93d0c57136",
                "sha256:d248c46c0aa406695bda2abf99632db991f8b3a6d46018721a2892312a99f069",
                "sha256:d2578e5149ff49878934debfacf5c743fab49eca5ecdb983d0b218e1e554c498",
                "sha256:dd22085446f3eca990d12a0878eeb5199dc9553b2e71716bfe7bed9915a472ab",
                "sha256:e7cf940af5fee00a92e281eb157abe8770227a5255207818ea9a34e54a29f5b2",
                "sha256:f70f3d028794e31cf9d1a822914efc935aadb2438ec4e8d4871d95eb1ce032d6",
                "sha256:fd2842a0faed9ab9aba0922c951906132d9384be89690570f0ed18cd4f20e658",
                "sha256:fd628e63ffdba0112e3ddf1b1e9f3db29dd8262345138e08f4938acbc6d0805a",
                "sha256:ffd7cf165ff71afb202b3f36daafbf298932bee325aac9f58e1c9cd55838bef0"
            ],
            "markers": "python_version >= '3.7'",
            "version": "==1.4.3"
        },
        "matplotlib": {
            "hashes": [
                "sha256:03bbb3f5f78836855e127b5dab228d99551ad0642918ccbf3067fcd52ac7ac5e",
                "sha256:24173c23d1bcbaed5bf47b8785d27933a1ac26a5d772200a0f3e0e38f471b001",
                "sha256:2a0967d4156adbd0d46db06bc1a877f0370bce28d10206a5071f9ecd6dc60b79",
                "sha256:2e8bda1088b941ead50caabd682601bece983cadb2283cafff56e8fcddbf7d7f",
                "sha256:31fbc2af27ebb820763f077ec7adc79b5a031c2f3f7af446bd7909674cd59460",
                "sha256:364e6bca34edc10a96aa3b1d7cd76eb2eea19a4097198c1b19e89bee47ed5781",
                "sha256:3d8e129af95b156b41cb3be0d9a7512cc6d73e2b2109f82108f566dbabdbf377",
                "sha256:44c6436868186564450df8fd2fc20ed9daaef5caad699aa04069e87099f9b5a8",
                "sha256:48cf850ce14fa18067f2d9e0d646763681948487a8080ec0af2686468b4607a2",
                "sha256:49a5938ed6ef9dda560f26ea930a2baae11ea99e1c2080c8714341ecfda72a89",
                "sha256:4a05f2b37222319753a5d43c0a4fd97ed4ff15ab502113e3f2625c26728040cf",
                "sha256:4a44cdfdb9d1b2f18b1e7d315eb3843abb097869cd1ef89cfce6a488cd1b5182",
                "sha256:4fa28ca76ac5c2b2d54bc058b3dad8e22ee85d26d1ee1b116a6fd4d2277b6a04",
                "sha256:5844cea45d804174bf0fac219b4ab50774e504bef477fc10f8f730ce2d623441",
                "sha256:5a32ea6e12e80dedaca2d4795d9ed40f97bfa56e6011e14f31502fdd528b9c89",
                "sha256:6c623b355d605a81c661546af7f24414165a8a2022cddbe7380a31a4170fa2e9",
                "sha256:751d3815b555dcd6187ad35b21736dc12ce6925fc3fa363bbc6dc0f86f16484f",
                "sha256:75c406c527a3aa07638689586343f4b344fcc7ab1f79c396699eb550cd2b91f7",
                "sha256:77157be0fc4469cbfb901270c205e7d8adb3607af23cef8bd11419600647ceed",
                "sha256:7d7705022df2c42bb02937a2a824f4ec3cca915700dd80dc23916af47ff05f1a",
                "sha256:7f409716119fa39b03da3d9602bd9b41142fab7a0568758cd136cd80b1bf36c8",
                "sha256:9480842d5aadb6e754f0b8f4ebeb73065ac8be1855baa93cd082e46e770591e9",
                "sha256:9776e1a10636ee5f06ca8efe0122c6de57ffe7e8c843e0fb6e001e9d9256ec95",
                "sha256:a91426ae910819383d337ba0dc7971c7cefdaa38599868476d94389a329e599b",
                "sha256:b4fedaa5a9aa9ce14001541812849ed1713112651295fdddd640ea6620e6cf98",
                "sha256:b6c63cd01cad0ea8704f1fd586e9dc5777ccedcd42f63cbbaa3eae8dd41172a1",
                "sha256:b8d3f4e71e26307e8c120b72c16671d70c5cd08ae412355c11254aa8254fb87f",
                "sha256:c4b82c2ae6d305fcbeb0eb9c93df2602ebd2f174f6e8c8a5d92f9445baa0c1d3",
                "sha256:c772264631e5ae61f0bd41313bbe48e1b9bcc95b974033e1118c9caa1a84d5c6",
                "sha256:c87973ddec10812bddc6c286b88fdd654a666080fbe846a1f7a3b4ba7b11ab78",
                "sha256:e2b696699386766ef171a259d72b203a3c75d99d03ec383b97fc2054f52e15cf",
                "sha256:ea75df8e567743207e2b479ba3d8843537be1c146d4b1e3e395319a4e1a77fe9",
                "sha256:ebc27ad11df3c1661f4677a7762e57a8a91dd41b466c3605e90717c9a5f90c82",
                "sha256:ee0b8e586ac07f83bb2950717e66cb305e2859baf6f00a9c39cc576e0ce9629c",
                "sha256:ee175a571e692fc8ae8e41ac353c0e07259113f4cb063b0ec769eff9717e84bb"
            ],
            "index": "pypi",
            "version": "==3.5.2"
        },
        "numpy": {
            "hashes": [
                "sha256:092f5e6025813e64ad6d1b52b519165d08c730d099c114a9247c9bb635a2a450",
                "sha256:196cd074c3f97c4121601790955f915187736f9cf458d3ee1f1b46aff2b1ade0",
                "sha256:1c29b44905af288b3919803aceb6ec7fec77406d8b08aaa2e8b9e63d0fe2f160",
                "sha256:2b2da66582f3a69c8ce25ed7921dcd8010d05e59ac8d89d126a299be60421171",
                "sha256:5043bcd71fcc458dfb8a0fc5509bbc979da0131b9d08e3d5f50fb0bbb36f169a",
                "sha256:58bfd40eb478f54ff7a5710dd61c8097e169bc36cc68333d00a9bcd8def53b38",
                "sha256:79a506cacf2be3a74ead5467aee97b81fca00c9c4c8b3ba16dbab488cd99ba10",
                "sha256:94b170b4fa0168cd6be4becf37cb5b127bd12a795123984385b8cd4aca9857e5",
                "sha256:97a76604d9b0e79f59baeca16593c711fddb44936e40310f78bfef79ee9a835f",
                "sha256:98e8e0d8d69ff4d3fa63e6c61e8cfe2d03c29b16b58dbef1f9baa175bbed7860",
                "sha256:ac86f407873b952679f5f9e6c0612687e51547af0e14ddea1eedfcb22466babd",
                "sha256:ae8adff4172692ce56233db04b7ce5792186f179c415c37d539c25de7298d25d",
                "sha256:bd3fa4fe2e38533d5336e1272fc4e765cabbbde144309ccee8675509d5cd7b05",
                "sha256:d0d2094e8f4d760500394d77b383a1b06d3663e8892cdf5df3c592f55f3bff66",
                "sha256:d54b3b828d618a19779a84c3ad952e96e2c2311b16384e973e671aa5be1f6187",
                "sha256:d6ca8dabe696c2785d0c8c9b0d8a9b6e5fdbe4f922bde70d57fa1a2848134f95",
                "sha256:d8cc87bed09de55477dba9da370c1679bd534df9baa171dd01accbb09687dac3",
                "sha256:f0f18804df7370571fb65db9b98bf1378172bd4e962482b857e612d1fec0f53e",
                "sha256:f1d88ef79e0a7fa631bb2c3dda1ea46b32b1fe614e10fedd611d3d5398447f2f",
                "sha256:f9c3fc2adf67762c9fe1849c859942d23f8d3e0bee7b5ed3d4a9c3eeb50a2f07",
                "sha256:fc431493df245f3c627c0c05c2bd134535e7929dbe2e602b80e42bf52ff760bc",
                "sha256:fe8b9683eb26d2c4d5db32cd29b38fdcf8381324ab48313b5b69088e0e355379"
            ],
            "index": "pypi",
            "version": "==1.23.0"
        },
        "packaging": {
            "hashes": [
                "sha256:dd47c42927d89ab911e606518907cc2d3a1f38bbd026385970643f9c5b8ecfeb",
                "sha256:ef103e05f519cdc783ae24ea4e2e0f508a9c99b2d4969652eed6a2e1ea5bd522"
            ],
            "markers": "python_version >= '3.6'",
            "version": "==21.3"
        },
        "pandas": {
            "hashes": [
                "sha256:07238a58d7cbc8a004855ade7b75bbd22c0db4b0ffccc721556bab8a095515f6",
                "sha256:0daf876dba6c622154b2e6741f29e87161f844e64f84801554f879d27ba63c0d",
                "sha256:16ad23db55efcc93fa878f7837267973b61ea85d244fc5ff0ccbcfa5638706c5",
                "sha256:1d9382f72a4f0e93909feece6fef5500e838ce1c355a581b3d8f259839f2ea76",
                "sha256:24ea75f47bbd5574675dae21d51779a4948715416413b30614c1e8b480909f81",
                "sha256:2893e923472a5e090c2d5e8db83e8f907364ec048572084c7d10ef93546be6d1",
                "sha256:2ff7788468e75917574f080cd4681b27e1a7bf36461fe968b49a87b5a54d007c",
                "sha256:41fc406e374590a3d492325b889a2686b31e7a7780bec83db2512988550dadbf",
                "sha256:48350592665ea3cbcd07efc8c12ff12d89be09cd47231c7925e3b8afada9d50d",
                "sha256:605d572126eb4ab2eadf5c59d5d69f0608df2bf7bcad5c5880a47a20a0699e3e",
                "sha256:6dfbf16b1ea4f4d0ee11084d9c026340514d1d30270eaa82a9f1297b6c8ecbf0",
                "sha256:6f803320c9da732cc79210d7e8cc5c8019aad512589c910c66529eb1b1818230",
                "sha256:721a3dd2f06ef942f83a819c0f3f6a648b2830b191a72bbe9451bcd49c3bd42e",
                "sha256:755679c49460bd0d2f837ab99f0a26948e68fa0718b7e42afbabd074d945bf84",
                "sha256:78b00429161ccb0da252229bcda8010b445c4bf924e721265bec5a6e96a92e92",
                "sha256:958a0588149190c22cdebbc0797e01972950c927a11a900fe6c2296f207b1d6f",
                "sha256:a3924692160e3d847e18702bb048dc38e0e13411d2b503fecb1adf0fcf950ba4",
                "sha256:d51674ed8e2551ef7773820ef5dab9322be0828629f2cbf8d1fc31a0c4fed640",
                "sha256:d5ebc990bd34f4ac3c73a2724c2dcc9ee7bf1ce6cf08e87bb25c6ad33507e318",
                "sha256:d6c0106415ff1a10c326c49bc5dd9ea8b9897a6ca0c8688eb9c30ddec49535ef",
                "sha256:e48fbb64165cda451c06a0f9e4c7a16b534fcabd32546d531b3c240ce2844112"
            ],
            "index": "pypi",
            "version": "==1.4.3"
        },
        "pillow": {
            "hashes": [
                "sha256:0030fdbd926fb85844b8b92e2f9449ba89607231d3dd597a21ae72dc7fe26927",
                "sha256:030e3460861488e249731c3e7ab59b07c7853838ff3b8e16aac9561bb345da14",
                "sha256:0ed2c4ef2451de908c90436d6e8092e13a43992f1860275b4d8082667fbb2ffc",
                "sha256:136659638f61a251e8ed3b331fc6ccd124590eeff539de57c5f80ef3a9594e58",
                "sha256:13b725463f32df1bfeacbf3dd197fb358ae8ebcd8c5548faa75126ea425ccb60",
                "sha256:1536ad017a9f789430fb6b8be8bf99d2f214c76502becc196c6f2d9a75b01b76",
                "sha256:15928f824870535c85dbf949c09d6ae7d3d6ac2d6efec80f3227f73eefba741c",
                "sha256:17d4cafe22f050b46d983b71c707162d63d796a1235cdf8b9d7a112e97b15bac",
                "sha256:1802f34298f5ba11d55e5bb09c31997dc0c6aed919658dfdf0198a2fe75d5490",
                "sha256:1cc1d2451e8a3b4bfdb9caf745b58e6c7a77d2e469159b0d527a4554d73694d1",
                "sha256:1fd6f5e3c0e4697fa7eb45b6e93996299f3feee73a3175fa451f49a74d092b9f",
                "sha256:254164c57bab4b459f14c64e93df11eff5ded575192c294a0c49270f22c5d93d",
                "sha256:2ad0d4df0f5ef2247e27fc790d5c9b5a0af8ade9ba340db4a73bb1a4a3e5fb4f",
                "sha256:2c58b24e3a63efd22554c676d81b0e57f80e0a7d3a5874a7e14ce90ec40d3069",
                "sha256:2d33a11f601213dcd5718109c09a52c2a1c893e7461f0be2d6febc2879ec2402",
                "sha256:337a74fd2f291c607d220c793a8135273c4c2ab001b03e601c36766005f36885",
                "sha256:37ff6b522a26d0538b753f0b4e8e164fdada12db6c6f00f62145d732d8a3152e",
                "sha256:3d1f14f5f691f55e1b47f824ca4fdcb4b19b4323fe43cc7bb105988cad7496be",
                "sha256:408673ed75594933714482501fe97e055a42996087eeca7e5d06e33218d05aa8",
                "sha256:4134d3f1ba5f15027ff5c04296f13328fecd46921424084516bdb1b2548e66ff",
                "sha256:4ad2f835e0ad81d1689f1b7e3fbac7b01bb8777d5a985c8962bedee0cc6d43da",
                "sha256:50dff9cc21826d2977ef2d2a205504034e3a4563ca6f5db739b0d1026658e004",
                "sha256:510cef4a3f401c246cfd8227b300828715dd055463cdca6176c2e4036df8bd4f",
                "sha256:5aed7dde98403cd91d86a1115c78d8145c83078e864c1de1064f52e6feb61b20",
                "sha256:69bd1a15d7ba3694631e00df8de65a8cb031911ca11f44929c97fe05eb9b6c1d",
                "sha256:6bf088c1ce160f50ea40764f825ec9b72ed9da25346216b91361eef8ad1b8f8c",
                "sha256:6e8c66f70fb539301e064f6478d7453e820d8a2c631da948a23384865cd95544",
                "sha256:727dd1389bc5cb9827cbd1f9d40d2c2a1a0c9b32dd2261db522d22a604a6eec9",
                "sha256:74a04183e6e64930b667d321524e3c5361094bb4af9083db5c301db64cd341f3",
                "sha256:75e636fd3e0fb872693f23ccb8a5ff2cd578801251f3a4f6854c6a5d437d3c04",
                "sha256:7761afe0126d046974a01e030ae7529ed0ca6a196de3ec6937c11df0df1bc91c",
                "sha256:7888310f6214f19ab2b6df90f3f06afa3df7ef7355fc025e78a3044737fab1f5",
                "sha256:7b0554af24df2bf96618dac71ddada02420f946be943b181108cac55a7a2dcd4",
                "sha256:7c7b502bc34f6e32ba022b4a209638f9e097d7a9098104ae420eb8186217ebbb",
                "sha256:808add66ea764ed97d44dda1ac4f2cfec4c1867d9efb16a33d158be79f32b8a4",
                "sha256:831e648102c82f152e14c1a0938689dbb22480c548c8d4b8b248b3e50967b88c",
                "sha256:93689632949aff41199090eff5474f3990b6823404e45d66a5d44304e9cdc467",
                "sha256:96b5e6874431df16aee0c1ba237574cb6dff1dcb173798faa6a9d8b399a05d0e",
                "sha256:9a54614049a18a2d6fe156e68e188da02a046a4a93cf24f373bffd977e943421",
                "sha256:a138441e95562b3c078746a22f8fca8ff1c22c014f856278bdbdd89ca36cff1b",
                "sha256:a647c0d4478b995c5e54615a2e5360ccedd2f85e70ab57fbe817ca613d5e63b8",
                "sha256:a9c9bc489f8ab30906d7a85afac4b4944a572a7432e00698a7239f44a44e6efb",
                "sha256:ad2277b185ebce47a63f4dc6302e30f05762b688f8dc3de55dbae4651872cdf3",
                "sha256:b6d5e92df2b77665e07ddb2e4dbd6d644b78e4c0d2e9272a852627cdba0d75cf",
                "sha256:bc431b065722a5ad1dfb4df354fb9333b7a582a5ee39a90e6ffff688d72f27a1",
                "sha256:bdd0de2d64688ecae88dd8935012c4a72681e5df632af903a1dca8c5e7aa871a",
                "sha256:c79698d4cd9318d9481d89a77e2d3fcaeff5486be641e60a4b49f3d2ecca4e28",
                "sha256:cb6259196a589123d755380b65127ddc60f4c64b21fc3bb46ce3a6ea663659b0",
                "sha256:d5b87da55a08acb586bad5c3aa3b86505f559b84f39035b233d5bf844b0834b1",
                "sha256:dcd7b9c7139dc8258d164b55696ecd16c04607f1cc33ba7af86613881ffe4ac8",
                "sha256:dfe4c1fedfde4e2fbc009d5ad420647f7730d719786388b7de0999bf32c0d9fd",
                "sha256:ea98f633d45f7e815db648fd7ff0f19e328302ac36427343e4432c84432e7ff4",
                "sha256:ec52c351b35ca269cb1f8069d610fc45c5bd38c3e91f9ab4cbbf0aebc136d9c8",
                "sha256:eef7592281f7c174d3d6cbfbb7ee5984a671fcd77e3fc78e973d492e9bf0eb3f",
                "sha256:f07f1f00e22b231dd3d9b9208692042e29792d6bd4f6639415d2f23158a80013",
                "sha256:f3fac744f9b540148fa7715a435d2283b71f68bfb6d4aae24482a890aed18b59",
                "sha256:fa768eff5f9f958270b081bb33581b4b569faabf8774726b283edb06617101dc",
                "sha256:fac2d65901fb0fdf20363fbd345c01958a742f2dc62a8dd4495af66e3ff502a4"
            ],
            "markers": "python_version >= '3.7'",
            "version": "==9.2.0"
        },
        "pygments": {
            "hashes": [
                "sha256:5eb116118f9612ff1ee89ac96437bb6b49e8f04d8a13b514ba26f620208e26eb",
                "sha256:dc9c10fb40944260f6ed4c688ece0cd2048414940f1cea51b8b226318411c519"
            ],
            "index": "pypi",
            "version": "==2.12.0"
        },
        "pyparsing": {
            "hashes": [
                "sha256:2b020ecf7d21b687f219b71ecad3631f644a47f01403fa1d1036b0c6416d70fb",
                "sha256:5026bae9a10eeaefb61dab2f09052b9f4307d44aee4eda64b309723d8d206bbc"
            ],
            "markers": "python_full_version >= '3.6.8'",
            "version": "==3.0.9"
        },
        "python-dateutil": {
            "hashes": [
                "sha256:0123cacc1627ae19ddf3c27a5de5bd67ee4586fbdd6440d9748f8abb483d3e86",
                "sha256:961d03dc3453ebbc59dbdea9e4e11c5651520a876d0f4db161e8674aae935da9"
            ],
            "markers": "python_version >= '2.7' and python_version not in '3.0, 3.1, 3.2, 3.3'",
            "version": "==2.8.2"
        },
        "pytz": {
            "hashes": [
                "sha256:1e760e2fe6a8163bc0b3d9a19c4f84342afa0a2affebfaa84b01b978a02ecaa7",
                "sha256:e68985985296d9a66a881eb3193b0906246245294a881e7c8afe623866ac6a5c"
            ],
            "version": "==2022.1"
        },
        "pywavelets": {
            "hashes": [
                "sha256:0ed3afbda88498b3ea3c861bf5b55e4feca41747730a71a22102ed5a74d1e453",
                "sha256:27e99818d3c26481de3c68dbe880a7fcafe661cc031b22eff4a64237fe17a7ff",
                "sha256:307ab8a4c3e5c2b8f7d3d371de4a5f019cf4b030b897c3394a4a7ad157369367",
                "sha256:3383d106fa8da0c2df30401ad056cd7a11b76d885f4bfa16ca7bcc6b4ca2831c",
                "sha256:35a945bea9da6db9755e42e06e871846514ae91bde3ae24a08a1d090b003a23b",
                "sha256:38cc635c08a050e175a492e66c9b63a8e1f42254e6879e614b6c9d8d69e0887f",
                "sha256:3c4ebe7ff2c9092f6bdd1f8bf98ce2745f5d43a9936d6e342ee83fbcae548116",
                "sha256:3d3ecc2ee87be94fb2dc8c2d35bcae3f24708677196e80028d24ba0fd2f6a70a",
                "sha256:3eeffcf2f7eebae5cc27cb11a7d0d96118e2e9f75ac38ff1a05373d5fe75accb",
                "sha256:41e4f0a3a6a088e955006513fe72f863cea3ce293033131cacb8a1a3068ed228",
                "sha256:437806465cfa5f2d91809ec13154be050b84a11025784a6b6ce04ac452872b36",
                "sha256:5b76731d2077242611b32f2e11c72adbf126b432ceae92e2ce8d0f693974c96d",
                "sha256:69e9a46facf89b51e5700d10f6d831f29745471c1ab42917f2f849a257b9fd77",
                "sha256:6ecfe051ccb097c2dcdcb0977e0a684e76144d6694a202badf0780143d8536f0",
                "sha256:84c58a179bdb9fc71039b1f68bcd0718a7d9814b5e3741d7681d3e027bb81b52",
                "sha256:8a5941d1f4eb1bc9569c655b63ecb31aa15b3ef0fc9b57df275892c39bccc59e",
                "sha256:91e1b220f0ddd4c127bab718363c2c4a07dbcd95b9c4bfed09a3cdae47dbba43",
                "sha256:a354979e2ee8cd71a8952ded381f3d9f981692b73c6842bcc6c9f64047e0a5be",
                "sha256:a486160f83efd8517cd748796adbab7c445ee8a3e1d168b4b8b60ed0f5aee3a0",
                "sha256:a51225d24811ba7ef5184c03bb7072db0aa9651c4370a115d4069dedfb8d2f7a",
                "sha256:a555a7a85da01357d8258cb45f751881f69013f8920f8738718c60cf8a47b755",
                "sha256:c98ac1cee6276db05768e450dc3002033be6c2819c906103a974e0fb0d436f41",
                "sha256:cbaa9d62052d9daf8da765fc8e7c30c38ea2b8e9e1c18841913dfb4aec671ee5",
                "sha256:d4f9ed4f175c66c9b8646a93fd54c588fd8f4b2517f53c59aea5cdf370f9c9ba",
                "sha256:d7369597e1b1d125eb4b458a36cef052beed188444e55ed21445c1196008e200",
                "sha256:de67deb275474094e160900ab7e07f2a721b9cd351cf3826c4a3ab89bb71d4b3",
                "sha256:e8876764e349673ee8d48bc3cd0afd2f9f7b65378998e2665af12c277c8a56de",
                "sha256:eebaa9c28600da336743fefd650332460c132792660e70eb09abf343b0664b87",
                "sha256:f6e7d969a6ef64ae8be1766b0b0e32debb13424543d331911b8d7e967d60dd42",
                "sha256:fccf468c55427828a3c534b651311f2759210836491c1112e1548e1babe368a5"
            ],
            "index": "pypi",
            "version": "==1.3.0"
        },
        "requests": {
            "hashes": [
                "sha256:7c5599b102feddaa661c826c56ab4fee28bfd17f5abca1ebbe3e7f19d7c97983",
                "sha256:8fefa2a1a1365bf5520aac41836fbee479da67864514bdb821f31ce07ce65349"
            ],
            "index": "pypi",
            "version": "==2.28.1"
        },
        "scikit-learn": {
            "hashes": [
                "sha256:0403ad13f283e27d43b0ad875f187ec7f5d964903d92d1ed06c51439560ecea0",
                "sha256:102f51797cd8944bf44a038d106848ddf2804f2c1edf7aea45fba81a4fdc4d80",
                "sha256:22145b60fef02e597a8e7f061ebc7c51739215f11ce7fcd2ca9af22c31aa9f86",
                "sha256:33cf061ed0b79d647a3e4c3f6c52c412172836718a7cd4d11c1318d083300133",
                "sha256:3be10d8d325821ca366d4fe7083d87c40768f842f54371a9c908d97c45da16fc",
                "sha256:3e77b71e8e644f86c8b5be7f1c285ef597de4c384961389ee3e9ca36c445b256",
                "sha256:45c0f6ae523353f1d99b85469d746f9c497410adff5ba8b24423705b6956a86e",
                "sha256:47464c110eaa9ed9d1fe108cb403510878c3d3a40f110618d2a19b2190a3e35c",
                "sha256:542ccd2592fe7ad31f5c85fed3a3deb3e252383960a85e4b49a629353fffaba4",
                "sha256:723cdb278b1fa57a55f68945bc4e501a2f12abe82f76e8d21e1806cbdbef6fc5",
                "sha256:8fe80df08f5b9cee5dd008eccc672e543976198d790c07e5337f7dfb67eaac05",
                "sha256:8ff56d07b9507fbe07ca0f4e5c8f3e171f74a429f998da03e308166251316b34",
                "sha256:b2db720e13e697d912a87c1a51194e6fb085dc6d8323caa5ca51369ca6948f78",
                "sha256:b928869072366dc138762fe0929e7dc88413f8a469aebc6a64adc10a9226180c",
                "sha256:c2dad2bfc502344b869d4a3f4aa7271b2a5f4fe41f7328f404844c51612e2c58",
                "sha256:e851f8874398dcd50d1e174e810e9331563d189356e945b3271c0e19ee6f4d6f",
                "sha256:e9d228ced1214d67904f26fb820c8abbea12b2889cd4aa8cda20a4ca0ed781c1",
                "sha256:f2d5b5d6e87d482e17696a7bfa03fe9515fdfe27e462a4ad37f3d7774a5e2fd6"
            ],
            "index": "pypi",
            "version": "==1.1.1"
        },
        "scipy": {
            "hashes": [
                "sha256:0b7effc84f187a4aacdf498bfefef6e934682222ab3a2e7c8b63056a22bcb228",
                "sha256:19685d8077de30c16456c669d4cb9767119d19d44760199e680ea707e9fa6d7d",
                "sha256:2e4afcb7db8d24b1467e3e3bd8abca8b3f4bd045523b82b0aa9b5d2e72462b3d",
                "sha256:5144e3d494932cc1438e06c75e2bd021ec27333fcad69acc020ad27aba07f112",
                "sha256:5f859d583268b5556bf2cbfb3e008ef9c237a6e8af31feb59eb0273d7833cc71",
                "sha256:6c9e6242b5e7cf9440b31b69e0bdcaa53f97b5905f1172d72c41a179d02d0acb",
                "sha256:6d5bc5bc9c79a0ec9b55b5998f58442fd1d284cb4b527d684ce9e386926be628",
                "sha256:83101d8bcac69c4201ff1aed52f9f41897fb0ba66e54422d2808df507126e626",
                "sha256:91eee6c8fb79bfcadb9db46cfb558f6bd5dec9f1d1b289dec1ba4c901895d4ab",
                "sha256:a80bd6a872b477d1099dda70732c2b1a28d5d302eeae8b3ca6df394f76395a84",
                "sha256:ab61f0aaee27e3b17d6f4897388d2ce8d3e3f1e45ad1280eb5b95900c951062d",
                "sha256:aea25d9fd356bb818b9f56f22da62424a2dbe5f3ef096eeaba142de0f137dcb4",
                "sha256:bfc6dae17c36b5ddef171ff9f81fd2185aa05bdbc92f5894ba910c6bb257acdc",
                "sha256:bfdbc832b62e0bf552bca7662486d484fe2ad3f3fefe4ca577b36b702e56ba17",
                "sha256:c301266038529475eb351e01f209e43ab2d1dc2745b6c7d0c0de7b4e46814661",
                "sha256:c3a3e9c123c1b80be967c4f191988dfbcfe80b1467f07f1777efe48994459bae",
                "sha256:c45ac765fdb82ada75d7079db15d315320f34bceef11aeaefe0a7c7e03b4017a",
                "sha256:c48725151d6553f87020e2f9577347c64e11345334565252caab3b840721c63c",
                "sha256:c5c2d263ab8bd98ec309cd3092ee50719864d2babf40c6e47c913e8ea25c41d8",
                "sha256:c8f5af55f1042b7992a21f4bd2d3760a01e745f07367e23bfdab8e25c32eb9cb",
                "sha256:f4c264e4efcff7bdd3c4041a817f8ae96a2c705d03c2418f6e82c2b2f23dd075",
                "sha256:fba0340b9730e12ce9943fdd0702473f889d79755bec8b3f7baed49d38dad89d",
                "sha256:fff9ba39ab63f0b00953d726ba349113c6e542e89676d2661d2c95eadfaeb6a9"
            ],
            "index": "pypi",
            "version": "==1.9.0rc2"
        },
        "six": {
            "hashes": [
                "sha256:1e61c37477a1626458e36f7b1d82aa5c9b094fa4802892072e49de9c60c4c926",
                "sha256:8abb2f1d86890a2dfb989f9a77cfcfd3e47c2a354b01111771326f8aa26e0254"
            ],
            "markers": "python_version >= '2.7' and python_version not in '3.0, 3.1, 3.2, 3.3'",
            "version": "==1.16.0"
        },
        "threadpoolctl": {
            "hashes": [
                "sha256:8b99adda265feb6773280df41eece7b2e6561b772d21ffd52e372f999024907b",
                "sha256:a335baacfaa4400ae1f0d8e3a58d6674d2f8828e3716bb2802c44955ad391380"
            ],
            "markers": "python_version >= '3.6'",
            "version": "==3.1.0"
        },
        "urllib3": {
            "hashes": [
                "sha256:8298d6d56d39be0e3bc13c1c97d133f9b45d797169a0e11cdd0e0489d786f7ec",
                "sha256:879ba4d1e89654d9769ce13121e0f94310ea32e8d2f8cf587b77c08bbcdb30d6"
            ],
            "markers": "python_version >= '2.7' and python_version not in '3.0, 3.1, 3.2, 3.3, 3.4, 3.5' and python_version < '4'",
            "version": "==1.26.10"
        }
    },
    "develop": {
        "black": {
            "hashes": [
                "sha256:074458dc2f6e0d3dab7928d4417bb6957bb834434516f21514138437accdbe90",
                "sha256:187d96c5e713f441a5829e77120c269b6514418f4513a390b0499b0987f2ff1c",
                "sha256:2ea29072e954a4d55a2ff58971b83365eba5d3d357352a07a7a4df0d95f51c78",
                "sha256:4af5bc0e1f96be5ae9bd7aaec219c901a94d6caa2484c21983d043371c733fc4",
                "sha256:560558527e52ce8afba936fcce93a7411ab40c7d5fe8c2463e279e843c0328ee",
                "sha256:568ac3c465b1c8b34b61cd7a4e349e93f91abf0f9371eda1cf87194663ab684e",
                "sha256:6797f58943fceb1c461fb572edbe828d811e719c24e03375fd25170ada53825e",
                "sha256:6c1734ab264b8f7929cef8ae5f900b85d579e6cbfde09d7387da8f04771b51c6",
                "sha256:6c6d39e28aed379aec40da1c65434c77d75e65bb59a1e1c283de545fb4e7c6c9",
                "sha256:7ba9be198ecca5031cd78745780d65a3f75a34b2ff9be5837045dce55db83d1c",
                "sha256:94783f636bca89f11eb5d50437e8e17fbc6a929a628d82304c80fa9cd945f256",
                "sha256:a218d7e5856f91d20f04e931b6f16d15356db1c846ee55f01bac297a705ca24f",
                "sha256:a3db5b6409b96d9bd543323b23ef32a1a2b06416d525d27e0f67e74f1446c8f2",
                "sha256:ac609cf8ef5e7115ddd07d85d988d074ed00e10fbc3445aee393e70164a2219c",
                "sha256:b154e6bbde1e79ea3260c4b40c0b7b3109ffcdf7bc4ebf8859169a6af72cd70b",
                "sha256:b270a168d69edb8b7ed32c193ef10fd27844e5c60852039599f9184460ce0807",
                "sha256:b9fd45787ba8aa3f5e0a0a98920c1012c884622c6c920dbe98dbd05bc7c70fbf",
                "sha256:c85928b9d5f83b23cee7d0efcb310172412fbf7cb9d9ce963bd67fd141781def",
                "sha256:c9a3ac16efe9ec7d7381ddebcc022119794872abce99475345c5a61aa18c45ad",
                "sha256:cfaf3895a9634e882bf9d2363fed5af8888802d670f58b279b0bece00e9a872d",
                "sha256:e439798f819d49ba1c0bd9664427a05aab79bfba777a6db94fd4e56fae0cb849",
                "sha256:f586c26118bc6e714ec58c09df0157fe2d9ee195c764f630eb0d8e7ccce72e69",
                "sha256:f6fe02afde060bbeef044af7996f335fbe90b039ccf3f5eb8f16df8b20f77666"
            ],
            "index": "pypi",
            "version": "==22.6.0"
        },
        "click": {
            "hashes": [
                "sha256:7682dc8afb30297001674575ea00d1814d808d6a36af415a82bd481d37ba7b8e",
                "sha256:bb4d8133cb15a609f44e8213d9b391b0809795062913b383c62be0ee95b1db48"
            ],
            "markers": "python_version >= '3.7'",
            "version": "==8.1.3"
        },
        "flake8": {
            "hashes": [
                "sha256:479b1304f72536a55948cb40a32dce8bb0ffe3501e26eaf292c7e60eb5e0428d",
                "sha256:806e034dda44114815e23c16ef92f95c91e4c71100ff52813adf7132a6ad870d"
            ],
            "index": "pypi",
            "version": "==4.0.1"
        },
        "mccabe": {
            "hashes": [
                "sha256:ab8a6258860da4b6677da4bd2fe5dc2c659cff31b3ee4f7f5d64e79735b80d42",
                "sha256:dd8d182285a0fe56bace7f45b5e7d1a6ebcbf524e8f3bd87eb0f125271b8831f"
            ],
            "version": "==0.6.1"
        },
        "mypy-extensions": {
            "hashes": [
                "sha256:090fedd75945a69ae91ce1303b5824f428daf5a028d2f6ab8a299250a846f15d",
                "sha256:2d82818f5bb3e369420cb3c4060a7970edba416647068eb4c5343488a6c604a8"
            ],
            "version": "==0.4.3"
        },
        "pathspec": {
            "hashes": [
                "sha256:7d15c4ddb0b5c802d161efc417ec1a2558ea2653c2e8ad9c19098201dc1c993a",
                "sha256:e564499435a2673d586f6b2130bb5b95f04a3ba06f81b8f895b651a3c76aabb1"
            ],
            "version": "==0.9.0"
        },
        "platformdirs": {
            "hashes": [
                "sha256:027d8e83a2d7de06bbac4e5ef7e023c02b863d7ea5d079477e722bb41ab25788",
                "sha256:58c8abb07dcb441e6ee4b11d8df0ac856038f944ab98b7be6b27b2a3c7feef19"
            ],
            "markers": "python_version >= '3.7'",
            "version": "==2.5.2"
        },
        "pycodestyle": {
            "hashes": [
                "sha256:720f8b39dde8b293825e7ff02c475f3077124006db4f440dcbc9a20b76548a20",
                "sha256:eddd5847ef438ea1c7870ca7eb78a9d47ce0cdb4851a5523949f2601d0cbbe7f"
            ],
            "markers": "python_version >= '2.7' and python_version not in '3.0, 3.1, 3.2, 3.3, 3.4'",
            "version": "==2.8.0"
        },
        "pyflakes": {
            "hashes": [
                "sha256:05a85c2872edf37a4ed30b0cce2f6093e1d0581f8c19d7393122da7e25b2b24c",
                "sha256:3bb3a3f256f4b7968c9c788781e4ff07dce46bdf12339dcda61053375426ee2e"
            ],
            "markers": "python_version >= '2.7' and python_version not in '3.0, 3.1, 3.2, 3.3'",
            "version": "==2.4.0"
        },
        "tomli": {
            "hashes": [
                "sha256:939de3e7a6161af0c887ef91b7d41a53e7c5a1ca976325f429cb46ea9bc30ecc",
                "sha256:de526c12914f0c550d15924c62d72abc48d6fe7364aa87328337a31007fe8a4f"
            ],
            "markers": "python_full_version < '3.11.0a7'",
            "version": "==2.0.1"
        }
    }
}
